
Microsoft Visual Studio Solution File, Format Version 12.00
# Visual Studio 15
VisualStudioVersion = 15.0.27428.2037
MinimumVisualStudioVersion = 10.0.40219.1
Project("{FAE04EC0-301F-11D3-BF4B-00C04F79EFBC}") = "App1.Android", "App1\App1.Android\App1.Android.csproj", "{034D4888-DF5F-494A-B6CF-89FA3EBFF039}"
EndProject
Project("{FAE04EC0-301F-11D3-BF4B-00C04F79EFBC}") = "App1.iOS", "App1\App1.iOS\App1.iOS.csproj", "{651701C1-9C7D-4298-B3DE-01EF206F6125}"
EndProject
Project("{FAE04EC0-301F-11D3-BF4B-00C04F79EFBC}") = "App1", "App1\App1\App1.csproj", "{9ED5FE24-D8D9-4124-A4F6-AD24EC7B6CF4}"
EndProject
Global
	GlobalSection(SolutionConfigurationPlatforms) = preSolution
		Ad-Hoc|Any CPU = Ad-Hoc|Any CPU
		Ad-Hoc|iPhone = Ad-Hoc|iPhone
		Ad-Hoc|iPhoneSimulator = Ad-Hoc|iPhoneSimulator
		AppStore|Any CPU = AppStore|Any CPU
		AppStore|iPhone = AppStore|iPhone
		AppStore|iPhoneSimulator = AppStore|iPhoneSimulator
		Debug|Any CPU = Debug|Any CPU
		Debug|iPhone = Debug|iPhone
		Debug|iPhoneSimulator = Debug|iPhoneSimulator
		Release|Any CPU = Release|Any CPU
		Release|iPhone = Release|iPhone
		Release|iPhoneSimulator = Release|iPhoneSimulator
	EndGlobalSection
	GlobalSection(ProjectConfigurationPlatforms) = postSolution
		{034D4888-DF5F-494A-B6CF-89FA3EBFF039}.Ad-Hoc|Any CPU.ActiveCfg = Release|Any CPU
		{034D4888-DF5F-494A-B6CF-89FA3EBFF039}.Ad-Hoc|Any CPU.Build.0 = Release|Any CPU
		{034D4888-DF5F-494A-B6CF-89FA3EBFF039}.Ad-Hoc|Any CPU.Deploy.0 = Release|Any CPU
		{034D4888-DF5F-494A-B6CF-89FA3EBFF039}.Ad-Hoc|iPhone.ActiveCfg = Release|Any CPU
		{034D4888-DF5F-494A-B6CF-89FA3EBFF039}.Ad-Hoc|iPhone.Build.0 = Release|Any CPU
		{034D4888-DF5F-494A-B6CF-89FA3EBFF039}.Ad-Hoc|iPhone.Deploy.0 = Release|Any CPU
		{034D4888-DF5F-494A-B6CF-89FA3EBFF039}.Ad-Hoc|iPhoneSimulator.ActiveCfg = Release|Any CPU
		{034D4888-DF5F-494A-B6CF-89FA3EBFF039}.Ad-Hoc|iPhoneSimulator.Build.0 = Release|Any CPU
		{034D4888-DF5F-494A-B6CF-89FA3EBFF039}.Ad-Hoc|iPhoneSimulator.Deploy.0 = Release|Any CPU
		{034D4888-DF5F-494A-B6CF-89FA3EBFF039}.AppStore|Any CPU.ActiveCfg = Release|Any CPU
		{034D4888-DF5F-494A-B6CF-89FA3EBFF039}.AppStore|Any CPU.Build.0 = Release|Any CPU
		{034D4888-DF5F-494A-B6CF-89FA3EBFF039}.AppStore|Any CPU.Deploy.0 = Release|Any CPU
		{034D4888-DF5F-494A-B6CF-89FA3EBFF039}.AppStore|iPhone.ActiveCfg = Release|Any CPU
		{034D4888-DF5F-494A-B6CF-89FA3EBFF039}.AppStore|iPhone.Build.0 = Release|Any CPU
		{034D4888-DF5F-494A-B6CF-89FA3EBFF039}.AppStore|iPhone.Deploy.0 = Release|Any CPU
		{034D4888-DF5F-494A-B6CF-89FA3EBFF039}.AppStore|iPhoneSimulator.ActiveCfg = Release|Any CPU
		{034D4888-DF5F-494A-B6CF-89FA3EBFF039}.AppStore|iPhoneSimulator.Build.0 = Release|Any CPU
		{034D4888-DF5F-494A-B6CF-89FA3EBFF039}.AppStore|iPhoneSimulator.Deploy.0 = Release|Any CPU
		{034D4888-DF5F-494A-B6CF-89FA3EBFF039}.Debug|Any CPU.ActiveCfg = Debug|Any CPU
		{034D4888-DF5F-494A-B6CF-89FA3EBFF039}.Debug|Any CPU.Build.0 = Debug|Any CPU
		{034D4888-DF5F-494A-B6CF-89FA3EBFF039}.Debug|Any CPU.Deploy.0 = Debug|Any CPU
		{034D4888-DF5F-494A-B6CF-89FA3EBFF039}.Debug|iPhone.ActiveCfg = Debug|Any CPU
		{034D4888-DF5F-494A-B6CF-89FA3EBFF039}.Debug|iPhone.Build.0 = Debug|Any CPU
		{034D4888-DF5F-494A-B6CF-89FA3EBFF039}.Debug|iPhone.Deploy.0 = Debug|Any CPU
		{034D4888-DF5F-494A-B6CF-89FA3EBFF039}.Debug|iPhoneSimulator.ActiveCfg = Debug|Any CPU
		{034D4888-DF5F-494A-B6CF-89FA3EBFF039}.Debug|iPhoneSimulator.Build.0 = Debug|Any CPU
		{034D4888-DF5F-494A-B6CF-89FA3EBFF039}.Debug|iPhoneSimulator.Deploy.0 = Debug|Any CPU
		{034D4888-DF5F-494A-B6CF-89FA3EBFF039}.Release|Any CPU.ActiveCfg = Release|Any CPU
		{034D4888-DF5F-494A-B6CF-89FA3EBFF039}.Release|Any CPU.Build.0 = Release|Any CPU
		{034D4888-DF5F-494A-B6CF-89FA3EBFF039}.Release|Any CPU.Deploy.0 = Release|Any CPU
		{034D4888-DF5F-494A-B6CF-89FA3EBFF039}.Release|iPhone.ActiveCfg = Release|Any CPU
		{034D4888-DF5F-494A-B6CF-89FA3EBFF039}.Release|iPhone.Build.0 = Release|Any CPU
		{034D4888-DF5F-494A-B6CF-89FA3EBFF039}.Release|iPhone.Deploy.0 = Release|Any CPU
		{034D4888-DF5F-494A-B6CF-89FA3EBFF039}.Release|iPhoneSimulator.ActiveCfg = Release|Any CPU
		{034D4888-DF5F-494A-B6CF-89FA3EBFF039}.Release|iPhoneSimulator.Build.0 = Release|Any CPU
		{034D4888-DF5F-494A-B6CF-89FA3EBFF039}.Release|iPhoneSimulator.Deploy.0 = Release|Any CPU
		{651701C1-9C7D-4298-B3DE-01EF206F6125}.Ad-Hoc|Any CPU.ActiveCfg = Ad-Hoc|iPhone
		{651701C1-9C7D-4298-B3DE-01EF206F6125}.Ad-Hoc|iPhone.ActiveCfg = Ad-Hoc|iPhone
		{651701C1-9C7D-4298-B3DE-01EF206F6125}.Ad-Hoc|iPhone.Build.0 = Ad-Hoc|iPhone
		{651701C1-9C7D-4298-B3DE-01EF206F6125}.Ad-Hoc|iPhoneSimulator.ActiveCfg = Ad-Hoc|iPhoneSimulator
		{651701C1-9C7D-4298-B3DE-01EF206F6125}.Ad-Hoc|iPhoneSimulator.Build.0 = Ad-Hoc|iPhoneSimulator
		{651701C1-9C7D-4298-B3DE-01EF206F6125}.AppStore|Any CPU.ActiveCfg = AppStore|iPhone
		{651701C1-9C7D-4298-B3DE-01EF206F6125}.AppStore|iPhone.ActiveCfg = AppStore|iPhone
		{651701C1-9C7D-4298-B3DE-01EF206F6125}.AppStore|iPhone.Build.0 = AppStore|iPhone
		{651701C1-9C7D-4298-B3DE-01EF206F6125}.AppStore|iPhoneSimulator.ActiveCfg = AppStore|iPhoneSimulator
		{651701C1-9C7D-4298-B3DE-01EF206F6125}.AppStore|iPhoneSimulator.Build.0 = AppStore|iPhoneSimulator
		{651701C1-9C7D-4298-B3DE-01EF206F6125}.Debug|Any CPU.ActiveCfg = Debug|iPhone
		{651701C1-9C7D-4298-B3DE-01EF206F6125}.Debug|iPhone.ActiveCfg = Debug|iPhone
		{651701C1-9C7D-4298-B3DE-01EF206F6125}.Debug|iPhone.Build.0 = Debug|iPhone
		{651701C1-9C7D-4298-B3DE-01EF206F6125}.Debug|iPhoneSimulator.ActiveCfg = Debug|iPhoneSimulator
		{651701C1-9C7D-4298-B3DE-01EF206F6125}.Debug|iPhoneSimulator.Build.0 = Debug|iPhoneSimulator
		{651701C1-9C7D-4298-B3DE-01EF206F6125}.Release|Any CPU.ActiveCfg = Release|iPhone
		{651701C1-9C7D-4298-B3DE-01EF206F6125}.Release|iPhone.ActiveCfg = Release|iPhone
		{651701C1-9C7D-4298-B3DE-01EF206F6125}.Release|iPhone.Build.0 = Release|iPhone
		{651701C1-9C7D-4298-B3DE-01EF206F6125}.Release|iPhoneSimulator.ActiveCfg = Release|iPhoneSimulator
		{651701C1-9C7D-4298-B3DE-01EF206F6125}.Release|iPhoneSimulator.Build.0 = Release|iPhoneSimulator
		{9ED5FE24-D8D9-4124-A4F6-AD24EC7B6CF4}.Ad-Hoc|Any CPU.ActiveCfg = Debug|Any CPU
		{9ED5FE24-D8D9-4124-A4F6-AD24EC7B6CF4}.Ad-Hoc|Any CPU.Build.0 = Debug|Any CPU
		{9ED5FE24-D8D9-4124-A4F6-AD24EC7B6CF4}.Ad-Hoc|iPhone.ActiveCfg = Debug|Any CPU
		{9ED5FE24-D8D9-4124-A4F6-AD24EC7B6CF4}.Ad-Hoc|iPhone.Build.0 = Debug|Any CPU
		{9ED5FE24-D8D9-4124-A4F6-AD24EC7B6CF4}.Ad-Hoc|iPhoneSimulator.ActiveCfg = Debug|Any CPU
		{9ED5FE24-D8D9-4124-A4F6-AD24EC7B6CF4}.Ad-Hoc|iPhoneSimulator.Build.0 = Debug|Any CPU
		{9ED5FE24-D8D9-4124-A4F6-AD24EC7B6CF4}.AppStore|Any CPU.ActiveCfg = Debug|Any CPU
		{9ED5FE24-D8D9-4124-A4F6-AD24EC7B6CF4}.AppStore|Any CPU.Build.0 = Debug|Any CPU
		{9ED5FE24-D8D9-4124-A4F6-AD24EC7B6CF4}.AppStore|iPhone.ActiveCfg = Debug|Any CPU
		{9ED5FE24-D8D9-4124-A4F6-AD24EC7B6CF4}.AppStore|iPhone.Build.0 = Debug|Any CPU
		{9ED5FE24-D8D9-4124-A4F6-AD24EC7B6CF4}.AppStore|iPhoneSimulator.ActiveCfg = Debug|Any CPU
		{9ED5FE24-D8D9-4124-A4F6-AD24EC7B6CF4}.AppStore|iPhoneSimulator.Build.0 = Debug|Any CPU
		{9ED5FE24-D8D9-4124-A4F6-AD24EC7B6CF4}.Debug|Any CPU.ActiveCfg = Debug|Any CPU
		{9ED5FE24-D8D9-4124-A4F6-AD24EC7B6CF4}.Debug|Any CPU.Build.0 = Debug|Any CPU
		{9ED5FE24-D8D9-4124-A4F6-AD24EC7B6CF4}.Debug|iPhone.ActiveCfg = Debug|Any CPU
		{9ED5FE24-D8D9-4124-A4F6-AD24EC7B6CF4}.Debug|iPhone.Build.0 = Debug|Any CPU
		{9ED5FE24-D8D9-4124-A4F6-AD24EC7B6CF4}.Debug|iPhoneSimulator.ActiveCfg = Debug|Any CPU
		{9ED5FE24-D8D9-4124-A4F6-AD24EC7B6CF4}.Debug|iPhoneSimulator.Build.0 = Debug|Any CPU
		{9ED5FE24-D8D9-4124-A4F6-AD24EC7B6CF4}.Release|Any CPU.ActiveCfg = Release|Any CPU
		{9ED5FE24-D8D9-4124-A4F6-AD24EC7B6CF4}.Release|Any CPU.Build.0 = Release|Any CPU
		{9ED5FE24-D8D9-4124-A4F6-AD24EC7B6CF4}.Release|iPhone.ActiveCfg = Release|Any CPU
		{9ED5FE24-D8D9-4124-A4F6-AD24EC7B6CF4}.Release|iPhone.Build.0 = Release|Any CPU
		{9ED5FE24-D8D9-4124-A4F6-AD24EC7B6CF4}.Release|iPhoneSimulator.ActiveCfg = Release|Any CPU
		{9ED5FE24-D8D9-4124-A4F6-AD24EC7B6CF4}.Release|iPhoneSimulator.Build.0 = Release|Any CPU
	EndGlobalSection
	GlobalSection(SolutionProperties) = preSolution
		HideSolutionNode = FALSE
	EndGlobalSection
	GlobalSection(ExtensibilityGlobals) = postSolution
		SolutionGuid = {ADC71CB7-9BE0-48EA-A2ED-AAFC6C592C6B}
	EndGlobalSection
EndGlobal
